<?xml version="1.0" encoding="utf-8"?>
<Project ToolsVersion="4.0" xmlns="http://schemas.microsoft.com/developer/msbuild/2003">
  <ItemGroup>
    <Filter Include="리소스 파일">
      <UniqueIdentifier>{67DA6AB6-F800-4c08-8B7A-83BB121AAD01}</UniqueIdentifier>
      <Extensions>rc;ico;cur;bmp;dlg;rc2;rct;bin;rgs;gif;jpg;jpeg;jpe;resx;tiff;tif;png;wav;mfcribbon-ms</Extensions>
    </Filter>
    <Filter Include="Entity">
      <UniqueIdentifier>{24b39ab5-3cc9-4cd1-aba3-f43e88c2bc75}</UniqueIdentifier>
    </Filter>
    <Filter Include="Math">
      <UniqueIdentifier>{a21c07d2-9373-454a-a152-4e2f70e64cfa}</UniqueIdentifier>
    </Filter>
    <Filter Include="Time">
      <UniqueIdentifier>{8a4acf36-9040-4e61-bd8f-0523fb2cdff2}</UniqueIdentifier>
    </Filter>
    <Filter Include="Graphics">
      <UniqueIdentifier>{6e336765-7297-487a-8b23-bc0f0d39cee1}</UniqueIdentifier>
    </Filter>
    <Filter Include="High Level Interface">
      <UniqueIdentifier>{0874ff38-3ed2-48ca-8266-acfd102e6e3a}</UniqueIdentifier>
    </Filter>
    <Filter Include="Input">
      <UniqueIdentifier>{4d9e16ea-9297-4be3-ab02-47a16ec16317}</UniqueIdentifier>
    </Filter>
    <Filter Include="Resource">
      <UniqueIdentifier>{33771013-db78-4611-869e-be30cccebe9d}</UniqueIdentifier>
    </Filter>
    <Filter Include="Resource\Resources">
      <UniqueIdentifier>{33970e59-03d9-4b3f-92db-7da316fd4f1a}</UniqueIdentifier>
    </Filter>
  </ItemGroup>
  <ItemGroup>
    <ClInclude Include="Editor_Window.h" />
    <ClInclude Include="framework.h" />
    <ClInclude Include="..\Engine_Source\CommonInclude.h" />
    <ClInclude Include="..\Engine_Source\JNSEngine.h" />
    <ClInclude Include="..\Engine_Source\jnsEnums.h" />
    <ClInclude Include="..\Engine_Source\jnsEntity.h">
      <Filter>Entity</Filter>
    </ClInclude>
    <ClInclude Include="..\Engine_Source\jnsMath.h">
      <Filter>Math</Filter>
    </ClInclude>
    <ClInclude Include="..\Engine_Source\jnsTime.h">
      <Filter>Time</Filter>
    </ClInclude>
    <ClInclude Include="..\Engine_Source\jnsGraphicDevice_Dx11.h">
      <Filter>Graphics</Filter>
    </ClInclude>
    <ClInclude Include="..\Engine_Source\jnsApplication.h">
      <Filter>High Level Interface</Filter>
    </ClInclude>
    <ClInclude Include="..\Engine_Source\jnsInput.h">
      <Filter>Input</Filter>
    </ClInclude>
    <ClInclude Include="..\Engine_Source\jnsResources.h">
      <Filter>Resource\Resources</Filter>
    </ClInclude>
    <ClInclude Include="..\Engine_Source\jnsResource.h">
      <Filter>Resource</Filter>
    </ClInclude>
    <ClInclude Include="..\Engine_Source\jnsGraphics.h">
      <Filter>Graphics</Filter>
    </ClInclude>
  </ItemGroup>
  <ItemGroup>
    <ResourceCompile Include="Editor_Window.rc">
      <Filter>리소스 파일</Filter>
    </ResourceCompile>
  </ItemGroup>
  <ItemGroup>
    <Image Include="small.ico">
      <Filter>리소스 파일</Filter>
    </Image>
    <Image Include="Editor_Window.ico">
      <Filter>리소스 파일</Filter>
    </Image>
  </ItemGroup>
  <ItemGroup>
    <ClCompile Include="main.cpp" />
    <ClCompile Include="..\Engine_Source\jnsEntity.cpp">
      <Filter>Entity</Filter>
    </ClCompile>
    <ClCompile Include="..\Engine_Source\jnsMath.cpp">
      <Filter>Math</Filter>
    </ClCompile>
    <ClCompile Include="..\Engine_Source\jnsTime.cpp">
      <Filter>Time</Filter>
    </ClCompile>
    <ClCompile Include="..\Engine_Source\jnsApplication.cpp">
      <Filter>High Level Interface</Filter>
    </ClCompile>
    <ClCompile Include="..\Engine_Source\jnsInput.cpp">
      <Filter>Input</Filter>
    </ClCompile>
    <ClCompile Include="..\Engine_Source\jnsResources.cpp">
      <Filter>Resource\Resources</Filter>
    </ClCompile>
    <ClCompile Include="..\Engine_Source\jnsResource.cpp">
      <Filter>Resource</Filter>
    </ClCompile>
    <ClCompile Include="..\Engine_Source\jnsGraphicDevice_Dx11.cpp">
      <Filter>Graphics</Filter>
    </ClCompile>
  </ItemGroup>
  <ItemGroup>
    <None Include="..\Engine_Source\jnsMath.inl">
      <Filter>Math</Filter>
    </None>
  </ItemGroup>
</Project>